// !$*UTF8*$!
{
	archiveVersion = 1;
	classes = {
	};
	objectVersion = 46;
	objects = {

/* Begin PBXBuildFile section */
		C9C39D1317E9A154006488D7 /* UIKit.framework in Frameworks */ = {isa = PBXBuildFile; fileRef = C9C39D1217E9A154006488D7 /* UIKit.framework */; };
		C9C39D1517E9A154006488D7 /* Foundation.framework in Frameworks */ = {isa = PBXBuildFile; fileRef = C9C39D1417E9A154006488D7 /* Foundation.framework */; };
		C9C39D1717E9A154006488D7 /* CoreGraphics.framework in Frameworks */ = {isa = PBXBuildFile; fileRef = C9C39D1617E9A154006488D7 /* CoreGraphics.framework */; };
		C9C39D1D17E9A155006488D7 /* InfoPlist.strings in Resources */ = {isa = PBXBuildFile; fileRef = C9C39D1B17E9A155006488D7 /* InfoPlist.strings */; };
		C9C39D1F17E9A155006488D7 /* main.m in Sources */ = {isa = PBXBuildFile; fileRef = C9C39D1E17E9A155006488D7 /* main.m */; };
		C9C39D2317E9A155006488D7 /* MBXAppDelegate.m in Sources */ = {isa = PBXBuildFile; fileRef = C9C39D2217E9A155006488D7 /* MBXAppDelegate.m */; };
		C9C39D2517E9A155006488D7 /* Default.png in Resources */ = {isa = PBXBuildFile; fileRef = C9C39D2417E9A155006488D7 /* Default.png */; };
		C9C39D2717E9A155006488D7 /* Default@2x.png in Resources */ = {isa = PBXBuildFile; fileRef = C9C39D2617E9A155006488D7 /* Default@2x.png */; };
		C9C39D2917E9A155006488D7 /* Default-568h@2x.png in Resources */ = {isa = PBXBuildFile; fileRef = C9C39D2817E9A155006488D7 /* Default-568h@2x.png */; };
		C9C39D3717E9A155006488D7 /* SenTestingKit.framework in Frameworks */ = {isa = PBXBuildFile; fileRef = C9C39D3617E9A155006488D7 /* SenTestingKit.framework */; };
		C9C39D3817E9A155006488D7 /* UIKit.framework in Frameworks */ = {isa = PBXBuildFile; fileRef = C9C39D1217E9A154006488D7 /* UIKit.framework */; };
		C9C39D3917E9A155006488D7 /* Foundation.framework in Frameworks */ = {isa = PBXBuildFile; fileRef = C9C39D1417E9A154006488D7 /* Foundation.framework */; };
		C9C39D4117E9A155006488D7 /* InfoPlist.strings in Resources */ = {isa = PBXBuildFile; fileRef = C9C39D3F17E9A155006488D7 /* InfoPlist.strings */; };
		C9C39D4F17E9A19A006488D7 /* BowlingGameTest.m in Sources */ = {isa = PBXBuildFile; fileRef = C9C39D4E17E9A19A006488D7 /* BowlingGameTest.m */; };
		C9C39D5517E9A501006488D7 /* MBXGame.m in Sources */ = {isa = PBXBuildFile; fileRef = C9C39D5417E9A501006488D7 /* MBXGame.m */; };
		C9C39D5617E9A501006488D7 /* MBXGame.m in Sources */ = {isa = PBXBuildFile; fileRef = C9C39D5417E9A501006488D7 /* MBXGame.m */; };
/* End PBXBuildFile section */

/* Begin PBXContainerItemProxy section */
		C9C39D3A17E9A155006488D7 /* PBXContainerItemProxy */ = {
			isa = PBXContainerItemProxy;
			containerPortal = C9C39D0517E9A154006488D7 /* Project object */;
			proxyType = 1;
			remoteGlobalIDString = C9C39D0D17E9A154006488D7;
			remoteInfo = "kata-bowling-game";
		};
/* End PBXContainerItemProxy section */

/* Begin PBXFileReference section */
		C9C39D0E17E9A154006488D7 /* kata-bowling-game.app */ = {isa = PBXFileReference; explicitFileType = wrapper.application; includeInIndex = 0; path = "kata-bowling-game.app"; sourceTree = BUILT_PRODUCTS_DIR; };
		C9C39D1217E9A154006488D7 /* UIKit.framework */ = {isa = PBXFileReference; lastKnownFileType = wrapper.framework; name = UIKit.framework; path = System/Library/Frameworks/UIKit.framework; sourceTree = SDKROOT; };
		C9C39D1417E9A154006488D7 /* Foundation.framework */ = {isa = PBXFileReference; lastKnownFileType = wrapper.framework; name = Foundation.framework; path = System/Library/Frameworks/Foundation.framework; sourceTree = SDKROOT; };
		C9C39D1617E9A154006488D7 /* CoreGraphics.framework */ = {isa = PBXFileReference; lastKnownFileType = wrapper.framework; name = CoreGraphics.framework; path = System/Library/Frameworks/CoreGraphics.framework; sourceTree = SDKROOT; };
		C9C39D1A17E9A155006488D7 /* kata-bowling-game-Info.plist */ = {isa = PBXFileReference; lastKnownFileType = text.plist.xml; path = "kata-bowling-game-Info.plist"; sourceTree = "<group>"; };
		C9C39D1C17E9A155006488D7 /* en */ = {isa = PBXFileReference; lastKnownFileType = text.plist.strings; name = en; path = en.lproj/InfoPlist.strings; sourceTree = "<group>"; };
		C9C39D1E17E9A155006488D7 /* main.m */ = {isa = PBXFileReference; lastKnownFileType = sourcecode.c.objc; path = main.m; sourceTree = "<group>"; };
		C9C39D2017E9A155006488D7 /* kata-bowling-game-Prefix.pch */ = {isa = PBXFileReference; lastKnownFileType = sourcecode.c.h; path = "kata-bowling-game-Prefix.pch"; sourceTree = "<group>"; };
		C9C39D2117E9A155006488D7 /* MBXAppDelegate.h */ = {isa = PBXFileReference; lastKnownFileType = sourcecode.c.h; path = MBXAppDelegate.h; sourceTree = "<group>"; };
		C9C39D2217E9A155006488D7 /* MBXAppDelegate.m */ = {isa = PBXFileReference; lastKnownFileType = sourcecode.c.objc; path = MBXAppDelegate.m; sourceTree = "<group>"; };
		C9C39D2417E9A155006488D7 /* Default.png */ = {isa = PBXFileReference; lastKnownFileType = image.png; path = Default.png; sourceTree = "<group>"; };
		C9C39D2617E9A155006488D7 /* Default@2x.png */ = {isa = PBXFileReference; lastKnownFileType = image.png; path = "Default@2x.png"; sourceTree = "<group>"; };
		C9C39D2817E9A155006488D7 /* Default-568h@2x.png */ = {isa = PBXFileReference; lastKnownFileType = image.png; path = "Default-568h@2x.png"; sourceTree = "<group>"; };
		C9C39D3517E9A155006488D7 /* kata-bowling-gameTests.octest */ = {isa = PBXFileReference; explicitFileType = wrapper.cfbundle; includeInIndex = 0; path = "kata-bowling-gameTests.octest"; sourceTree = BUILT_PRODUCTS_DIR; };
		C9C39D3617E9A155006488D7 /* SenTestingKit.framework */ = {isa = PBXFileReference; lastKnownFileType = wrapper.framework; name = SenTestingKit.framework; path = Library/Frameworks/SenTestingKit.framework; sourceTree = DEVELOPER_DIR; };
		C9C39D3E17E9A155006488D7 /* kata-bowling-gameTests-Info.plist */ = {isa = PBXFileReference; lastKnownFileType = text.plist.xml; path = "kata-bowling-gameTests-Info.plist"; sourceTree = "<group>"; };
		C9C39D4017E9A155006488D7 /* en */ = {isa = PBXFileReference; lastKnownFileType = text.plist.strings; name = en; path = en.lproj/InfoPlist.strings; sourceTree = "<group>"; };
		C9C39D4D17E9A19A006488D7 /* BowlingGameTest.h */ = {isa = PBXFileReference; fileEncoding = 4; lastKnownFileType = sourcecode.c.h; path = BowlingGameTest.h; sourceTree = "<group>"; };
		C9C39D4E17E9A19A006488D7 /* BowlingGameTest.m */ = {isa = PBXFileReference; fileEncoding = 4; lastKnownFileType = sourcecode.c.objc; path = BowlingGameTest.m; sourceTree = "<group>"; };
		C9C39D5317E9A501006488D7 /* MBXGame.h */ = {isa = PBXFileReference; fileEncoding = 4; lastKnownFileType = sourcecode.c.h; path = MBXGame.h; sourceTree = "<group>"; };
		C9C39D5417E9A501006488D7 /* MBXGame.m */ = {isa = PBXFileReference; fileEncoding = 4; lastKnownFileType = sourcecode.c.objc; path = MBXGame.m; sourceTree = "<group>"; };
/* End PBXFileReference section */

/* Begin PBXFrameworksBuildPhase section */
		C9C39D0B17E9A154006488D7 /* Frameworks */ = {
			isa = PBXFrameworksBuildPhase;
			buildActionMask = 2147483647;
			files = (
				C9C39D1317E9A154006488D7 /* UIKit.framework in Frameworks */,
				C9C39D1517E9A154006488D7 /* Foundation.framework in Frameworks */,
				C9C39D1717E9A154006488D7 /* CoreGraphics.framework in Frameworks */,
			);
			runOnlyForDeploymentPostprocessing = 0;
		};
		C9C39D3117E9A155006488D7 /* Frameworks */ = {
			isa = PBXFrameworksBuildPhase;
			buildActionMask = 2147483647;
			files = (
				C9C39D3717E9A155006488D7 /* SenTestingKit.framework in Frameworks */,
				C9C39D3817E9A155006488D7 /* UIKit.framework in Frameworks */,
				C9C39D3917E9A155006488D7 /* Foundation.framework in Frameworks */,
			);
			runOnlyForDeploymentPostprocessing = 0;
		};
/* End PBXFrameworksBuildPhase section */

/* Begin PBXGroup section */
		C9C39D0317E9A154006488D7 = {
			isa = PBXGroup;
			children = (
				C9C39D1817E9A155006488D7 /* kata-bowling-game */,
				C9C39D3C17E9A155006488D7 /* kata-bowling-gameTests */,
				C9C39D1117E9A154006488D7 /* Frameworks */,
				C9C39D0F17E9A154006488D7 /* Products */,
			);
			sourceTree = "<group>";
		};
		C9C39D0F17E9A154006488D7 /* Products */ = {
			isa = PBXGroup;
			children = (
				C9C39D0E17E9A154006488D7 /* kata-bowling-game.app */,
				C9C39D3517E9A155006488D7 /* kata-bowling-gameTests.octest */,
			);
			name = Products;
			sourceTree = "<group>";
		};
		C9C39D1117E9A154006488D7 /* Frameworks */ = {
			isa = PBXGroup;
			children = (
				C9C39D1217E9A154006488D7 /* UIKit.framework */,
				C9C39D1417E9A154006488D7 /* Foundation.framework */,
				C9C39D1617E9A154006488D7 /* CoreGraphics.framework */,
				C9C39D3617E9A155006488D7 /* SenTestingKit.framework */,
			);
			name = Frameworks;
			sourceTree = "<group>";
		};
		C9C39D1817E9A155006488D7 /* kata-bowling-game */ = {
			isa = PBXGroup;
			children = (
				C9C39D5217E9A446006488D7 /* Controller */,
				C9C39D5117E9A440006488D7 /* View */,
				C9C39D5017E9A436006488D7 /* Model */,
				C9C39D2117E9A155006488D7 /* MBXAppDelegate.h */,
				C9C39D2217E9A155006488D7 /* MBXAppDelegate.m */,
				C9C39D1917E9A155006488D7 /* Supporting Files */,
			);
			path = "kata-bowling-game";
			sourceTree = "<group>";
		};
		C9C39D1917E9A155006488D7 /* Supporting Files */ = {
			isa = PBXGroup;
			children = (
				C9C39D1A17E9A155006488D7 /* kata-bowling-game-Info.plist */,
				C9C39D1B17E9A155006488D7 /* InfoPlist.strings */,
				C9C39D1E17E9A155006488D7 /* main.m */,
				C9C39D2017E9A155006488D7 /* kata-bowling-game-Prefix.pch */,
				C9C39D2417E9A155006488D7 /* Default.png */,
				C9C39D2617E9A155006488D7 /* Default@2x.png */,
				C9C39D2817E9A155006488D7 /* Default-568h@2x.png */,
			);
			name = "Supporting Files";
			sourceTree = "<group>";
		};
		C9C39D3C17E9A155006488D7 /* kata-bowling-gameTests */ = {
			isa = PBXGroup;
			children = (
				C9C39D4D17E9A19A006488D7 /* BowlingGameTest.h */,
				C9C39D4E17E9A19A006488D7 /* BowlingGameTest.m */,
				C9C39D3D17E9A155006488D7 /* Supporting Files */,
			);
			path = "kata-bowling-gameTests";
			sourceTree = "<group>";
		};
		C9C39D3D17E9A155006488D7 /* Supporting Files */ = {
			isa = PBXGroup;
			children = (
				C9C39D3E17E9A155006488D7 /* kata-bowling-gameTests-Info.plist */,
				C9C39D3F17E9A155006488D7 /* InfoPlist.strings */,
			);
			name = "Supporting Files";
			sourceTree = "<group>";
		};
		C9C39D5017E9A436006488D7 /* Model */ = {
			isa = PBXGroup;
			children = (
				C9C39D5317E9A501006488D7 /* MBXGame.h */,
				C9C39D5417E9A501006488D7 /* MBXGame.m */,
			);
			path = Model;
			sourceTree = "<group>";
		};
		C9C39D5117E9A440006488D7 /* View */ = {
			isa = PBXGroup;
			children = (
			);
			path = View;
			sourceTree = "<group>";
		};
		C9C39D5217E9A446006488D7 /* Controller */ = {
			isa = PBXGroup;
			children = (
			);
			path = Controller;
			sourceTree = "<group>";
		};
/* End PBXGroup section */

/* Begin PBXNativeTarget section */
		C9C39D0D17E9A154006488D7 /* kata-bowling-game */ = {
			isa = PBXNativeTarget;
			buildConfigurationList = C9C39D4717E9A155006488D7 /* Build configuration list for PBXNativeTarget "kata-bowling-game" */;
			buildPhases = (
				C9C39D0A17E9A154006488D7 /* Sources */,
				C9C39D0B17E9A154006488D7 /* Frameworks */,
				C9C39D0C17E9A154006488D7 /* Resources */,
			);
			buildRules = (
			);
			dependencies = (
			);
			name = "kata-bowling-game";
			productName = "kata-bowling-game";
			productReference = C9C39D0E17E9A154006488D7 /* kata-bowling-game.app */;
			productType = "com.apple.product-type.application";
		};
		C9C39D3417E9A155006488D7 /* kata-bowling-gameTests */ = {
			isa = PBXNativeTarget;
			buildConfigurationList = C9C39D4A17E9A155006488D7 /* Build configuration list for PBXNativeTarget "kata-bowling-gameTests" */;
			buildPhases = (
				C9C39D3017E9A155006488D7 /* Sources */,
				C9C39D3117E9A155006488D7 /* Frameworks */,
				C9C39D3217E9A155006488D7 /* Resources */,
				C9C39D3317E9A155006488D7 /* ShellScript */,
			);
			buildRules = (
			);
			dependencies = (
				C9C39D3B17E9A155006488D7 /* PBXTargetDependency */,
			);
			name = "kata-bowling-gameTests";
			productName = "kata-bowling-gameTests";
			productReference = C9C39D3517E9A155006488D7 /* kata-bowling-gameTests.octest */;
			productType = "com.apple.product-type.bundle";
		};
/* End PBXNativeTarget section */

/* Begin PBXProject section */
		C9C39D0517E9A154006488D7 /* Project object */ = {
			isa = PBXProject;
			attributes = {
				CLASSPREFIX = MBX;
				LastUpgradeCheck = 0450;
				ORGANIZATIONNAME = moodbox;
			};
			buildConfigurationList = C9C39D0817E9A154006488D7 /* Build configuration list for PBXProject "kata-bowling-game" */;
			compatibilityVersion = "Xcode 3.2";
			developmentRegion = English;
			hasScannedForEncodings = 0;
			knownRegions = (
				en,
			);
			mainGroup = C9C39D0317E9A154006488D7;
			productRefGroup = C9C39D0F17E9A154006488D7 /* Products */;
			projectDirPath = "";
			projectRoot = "";
			targets = (
				C9C39D0D17E9A154006488D7 /* kata-bowling-game */,
				C9C39D3417E9A155006488D7 /* kata-bowling-gameTests */,
			);
		};
/* End PBXProject section */

/* Begin PBXResourcesBuildPhase section */
		C9C39D0C17E9A154006488D7 /* Resources */ = {
			isa = PBXResourcesBuildPhase;
			buildActionMask = 2147483647;
			files = (
				C9C39D1D17E9A155006488D7 /* InfoPlist.strings in Resources */,
				C9C39D2517E9A155006488D7 /* Default.png in Resources */,
				C9C39D2717E9A155006488D7 /* Default@2x.png in Resources */,
				C9C39D2917E9A155006488D7 /* Default-568h@2x.png in Resources */,
			);
			runOnlyForDeploymentPostprocessing = 0;
		};
		C9C39D3217E9A155006488D7 /* Resources */ = {
			isa = PBXResourcesBuildPhase;
			buildActionMask = 2147483647;
			files = (
				C9C39D4117E9A155006488D7 /* InfoPlist.strings in Resources */,
			);
			runOnlyForDeploymentPostprocessing = 0;
		};
/* End PBXResourcesBuildPhase section */

/* Begin PBXShellScriptBuildPhase section */
		C9C39D3317E9A155006488D7 /* ShellScript */ = {
			isa = PBXShellScriptBuildPhase;
			buildActionMask = 2147483647;
			files = (
			);
			inputPaths = (
			);
			outputPaths = (
			);
			runOnlyForDeploymentPostprocessing = 0;
			shellPath = /bin/sh;
			shellScript = "# Run the unit tests in this test bundle.\n\"${SYSTEM_DEVELOPER_DIR}/Tools/RunUnitTests\"\n";
		};
/* End PBXShellScriptBuildPhase section */

/* Begin PBXSourcesBuildPhase section */
		C9C39D0A17E9A154006488D7 /* Sources */ = {
			isa = PBXSourcesBuildPhase;
			buildActionMask = 2147483647;
			files = (
				C9C39D1F17E9A155006488D7 /* main.m in Sources */,
				C9C39D2317E9A155006488D7 /* MBXAppDelegate.m in Sources */,
				C9C39D5517E9A501006488D7 /* MBXGame.m in Sources */,
			);
			runOnlyForDeploymentPostprocessing = 0;
		};
		C9C39D3017E9A155006488D7 /* Sources */ = {
			isa = PBXSourcesBuildPhase;
			buildActionMask = 2147483647;
			files = (
				C9C39D4F17E9A19A006488D7 /* BowlingGameTest.m in Sources */,
				C9C39D5617E9A501006488D7 /* MBXGame.m in Sources */,
			);
			runOnlyForDeploymentPostprocessing = 0;
		};
/* End PBXSourcesBuildPhase section */

/* Begin PBXTargetDependency section */
		C9C39D3B17E9A155006488D7 /* PBXTargetDependency */ = {
			isa = PBXTargetDependency;
			target = C9C39D0D17E9A154006488D7 /* kata-bowling-game */;
			targetProxy = C9C39D3A17E9A155006488D7 /* PBXContainerItemProxy */;
		};
/* End PBXTargetDependency section */

/* Begin PBXVariantGroup section */
		C9C39D1B17E9A155006488D7 /* InfoPlist.strings */ = {
			isa = PBXVariantGroup;
			children = (
				C9C39D1C17E9A155006488D7 /* en */,
			);
			name = InfoPlist.strings;
			sourceTree = "<group>";
		};
		C9C39D3F17E9A155006488D7 /* InfoPlist.strings */ = {
			isa = PBXVariantGroup;
			children = (
				C9C39D4017E9A155006488D7 /* en */,
			);
			name = InfoPlist.strings;
			sourceTree = "<group>";
		};
/* End PBXVariantGroup section */

/* Begin XCBuildConfiguration section */
		C9C39D4517E9A155006488D7 /* Debug */ = {
			isa = XCBuildConfiguration;
			buildSettings = {
				ALWAYS_SEARCH_USER_PATHS = NO;
				CLANG_CXX_LANGUAGE_STANDARD = "gnu++0x";
				CLANG_CXX_LIBRARY = "libc++";
				CLANG_ENABLE_OBJC_ARC = YES;
				CLANG_WARN_EMPTY_BODY = YES;
				CLANG_WARN__DUPLICATE_METHOD_MATCH = YES;
				"CODE_SIGN_IDENTITY[sdk=iphoneos*]" = "iPhone Developer";
				COPY_PHASE_STRIP = NO;
				GCC_C_LANGUAGE_STANDARD = gnu99;
				GCC_DYNAMIC_NO_PIC = NO;
				GCC_OPTIMIZATION_LEVEL = 0;
				GCC_PREPROCESSOR_DEFINITIONS = (
					"DEBUG=1",
					"$(inherited)",
				);
				GCC_SYMBOLS_PRIVATE_EXTERN = NO;
				GCC_WARN_ABOUT_RETURN_TYPE = YES;
				GCC_WARN_UNINITIALIZED_AUTOS = YES;
				GCC_WARN_UNUSED_VARIABLE = YES;
				IPHONEOS_DEPLOYMENT_TARGET = 6.0;
				ONLY_ACTIVE_ARCH = YES;
				SDKROOT = iphoneos;
			};
			name = Debug;
		};
		C9C39D4617E9A155006488D7 /* Release */ = {
			isa = XCBuildConfiguration;
			buildSettings = {
				ALWAYS_SEARCH_USER_PATHS = NO;
				CLANG_CXX_LANGUAGE_STANDARD = "gnu++0x";
				CLANG_CXX_LIBRARY = "libc++";
				CLANG_ENABLE_OBJC_ARC = YES;
				CLANG_WARN_EMPTY_BODY = YES;
				CLANG_WARN__DUPLICATE_METHOD_MATCH = YES;
				"CODE_SIGN_IDENTITY[sdk=iphoneos*]" = "iPhone Developer";
				COPY_PHASE_STRIP = YES;
				GCC_C_LANGUAGE_STANDARD = gnu99;
				GCC_WARN_ABOUT_RETURN_TYPE = YES;
				GCC_WARN_UNINITIALIZED_AUTOS = YES;
				GCC_WARN_UNUSED_VARIABLE = YES;
				IPHONEOS_DEPLOYMENT_TARGET = 6.0;
				OTHER_CFLAGS = "-DNS_BLOCK_ASSERTIONS=1";
				SDKROOT = iphoneos;
				VALIDATE_PRODUCT = YES;
			};
			name = Release;
		};
		C9C39D4817E9A155006488D7 /* Debug */ = {
			isa = XCBuildConfiguration;
			buildSettings = {
				GCC_PRECOMPILE_PREFIX_HEADER = YES;
				GCC_PREFIX_HEADER = "kata-bowling-game/kata-bowling-game-Prefix.pch";
				INFOPLIST_FILE = "kata-bowling-game/kata-bowling-game-Info.plist";
				PRODUCT_NAME = "$(TARGET_NAME)";
				WRAPPER_EXTENSION = app;
			};
			name = Debug;
		};
		C9C39D4917E9A155006488D7 /* Release */ = {
			isa = XCBuildConfiguration;
			buildSettings = {
				GCC_PRECOMPILE_PREFIX_HEADER = YES;
				GCC_PREFIX_HEADER = "kata-bowling-game/kata-bowling-game-Prefix.pch";
				INFOPLIST_FILE = "kata-bowling-game/kata-bowling-game-Info.plist";
				PRODUCT_NAME = "$(TARGET_NAME)";
				WRAPPER_EXTENSION = app;
			};
			name = Release;
		};
		C9C39D4B17E9A155006488D7 /* Debug */ = {
			isa = XCBuildConfiguration;
			buildSettings = {
				BUNDLE_LOADER = "$(BUILT_PRODUCTS_DIR)/kata-bowling-game.app/kata-bowling-game";
				FRAMEWORK_SEARCH_PATHS = (
					"\"$(SDKROOT)/Developer/Library/Frameworks\"",
					"\"$(DEVELOPER_LIBRARY_DIR)/Frameworks\"",
				);
				GCC_PRECOMPILE_PREFIX_HEADER = YES;
				GCC_PREFIX_HEADER = "kata-bowling-game/kata-bowling-game-Prefix.pch";
				INFOPLIST_FILE = "kata-bowling-gameTests/kata-bowling-gameTests-Info.plist";
				PRODUCT_NAME = "$(TARGET_NAME)";
				TEST_HOST = "$(BUNDLE_LOADER)";
				WRAPPER_EXTENSION = octest;
			};
			name = Debug;
		};
		C9C39D4C17E9A155006488D7 /* Release */ = {
			isa = XCBuildConfiguration;
			buildSettings = {
				BUNDLE_LOADER = "$(BUILT_PRODUCTS_DIR)/kata-bowling-game.app/kata-bowling-game";
				FRAMEWORK_SEARCH_PATHS = (
					"\"$(SDKROOT)/Developer/Library/Frameworks\"",
					"\"$(DEVELOPER_LIBRARY_DIR)/Frameworks\"",
				);
				GCC_PRECOMPILE_PREFIX_HEADER = YES;
				GCC_PREFIX_HEADER = "kata-bowling-game/kata-bowling-game-Prefix.pch";
				INFOPLIST_FILE = "kata-bowling-gameTests/kata-bowling-gameTests-Info.plist";
				PRODUCT_NAME = "$(TARGET_NAME)";
				TEST_HOST = "$(BUNDLE_LOADER)";
				WRAPPER_EXTENSION = octest;
			};
			name = Release;
		};
/* End XCBuildConfiguration section */

/* Begin XCConfigurationList section */
		C9C39D0817E9A154006488D7 /* Build configuration list for PBXProject "kata-bowling-game" */ = {
			isa = XCConfigurationList;
			buildConfigurations = (
				C9C39D4517E9A155006488D7 /* Debug */,
				C9C39D4617E9A155006488D7 /* Release */,
			);
			defaultConfigurationIsVisible = 0;
			defaultConfigurationName = Release;
		};
		C9C39D4717E9A155006488D7 /* Build configuration list for PBXNativeTarget "kata-bowling-game" */ = {
			isa = XCConfigurationList;
			buildConfigurations = (
				C9C39D4817E9A155006488D7 /* Debug */,
				C9C39D4917E9A155006488D7 /* Release */,
			);
			defaultConfigurationIsVisible = 0;
		};
		C9C39D4A17E9A155006488D7 /* Build configuration list for PBXNativeTarget "kata-bowling-gameTests" */ = {
			isa = XCConfigurationList;
			buildConfigurations = (
				C9C39D4B17E9A155006488D7 /* Debug */,
				C9C39D4C17E9A155006488D7 /* Release */,
			);
			defaultConfigurationIsVisible = 0;
		};
/* End XCConfigurationList section */
	};
	rootObject = C9C39D0517E9A154006488D7 /* Project object */;
}
